
Microsoft Visual Studio Solution File, Format Version 12.00
# Visual Studio Version 17
VisualStudioVersion = 17.9.34728.123
MinimumVisualStudioVersion = 10.0.40219.1
Project("{FAE04EC0-301F-11D3-BF4B-00C04F79EFBC}") = "Sistema_Registro_Estudiantes", "Sistema_Registro_Estudiantes\Sistema_Registro_Estudiantes.csproj", "{BFF7CAA7-1D6D-4BC2-9A05-68ACDD14CBE4}"
EndProject
Global
	GlobalSection(SolutionConfigurationPlatforms) = preSolution
		Debug|Any CPU = Debug|Any CPU
		Release|Any CPU = Release|Any CPU
	EndGlobalSection
	GlobalSection(ProjectConfigurationPlatforms) = postSolution
		{BFF7CAA7-1D6D-4BC2-9A05-68ACDD14CBE4}.Debug|Any CPU.ActiveCfg = Debug|Any CPU
		{BFF7CAA7-1D6D-4BC2-9A05-68ACDD14CBE4}.Debug|Any CPU.Build.0 = Debug|Any CPU
		{BFF7CAA7-1D6D-4BC2-9A05-68ACDD14CBE4}.Release|Any CPU.ActiveCfg = Release|Any CPU
		{BFF7CAA7-1D6D-4BC2-9A05-68ACDD14CBE4}.Release|Any CPU.Build.0 = Release|Any CPU
	EndGlobalSection
	GlobalSection(SolutionProperties) = preSolution
		HideSolutionNode = FALSE
	EndGlobalSection
	GlobalSection(ExtensibilityGlobals) = postSolution
		SolutionGuid = {6B37E948-6D94-495A-9F46-C0E860C68A3D}
	EndGlobalSection
EndGlobal
