
Microsoft Visual Studio Solution File, Format Version 12.00
# Visual Studio Version 17
VisualStudioVersion = 17.9.34728.123
MinimumVisualStudioVersion = 10.0.40219.1
Project("{FAE04EC0-301F-11D3-BF4B-00C04F79EFBC}") = "Sistema_Gestion_Inventarios", "Sistema_Gestion_Inventarios\Sistema_Gestion_Inventarios.csproj", "{5D7E3910-E6C4-4124-886A-857142E787FE}"
EndProject
Global
	GlobalSection(SolutionConfigurationPlatforms) = preSolution
		Debug|Any CPU = Debug|Any CPU
		Release|Any CPU = Release|Any CPU
	EndGlobalSection
	GlobalSection(ProjectConfigurationPlatforms) = postSolution
		{5D7E3910-E6C4-4124-886A-857142E787FE}.Debug|Any CPU.ActiveCfg = Debug|Any CPU
		{5D7E3910-E6C4-4124-886A-857142E787FE}.Debug|Any CPU.Build.0 = Debug|Any CPU
		{5D7E3910-E6C4-4124-886A-857142E787FE}.Release|Any CPU.ActiveCfg = Release|Any CPU
		{5D7E3910-E6C4-4124-886A-857142E787FE}.Release|Any CPU.Build.0 = Release|Any CPU
	EndGlobalSection
	GlobalSection(SolutionProperties) = preSolution
		HideSolutionNode = FALSE
	EndGlobalSection
	GlobalSection(ExtensibilityGlobals) = postSolution
		SolutionGuid = {14349D20-C70C-44E1-9BB6-71CDDB419735}
	EndGlobalSection
EndGlobal
